lockfileVersion: '6.0'

settings:
  autoInstallPeers: true
  excludeLinksFromLockfile: false

devDependencies:
  dotenv-cli:
    specifier: ^7.3.0
    version: 7.3.0
  husky:
    specifier: ^8.0.3
    version: 8.0.3
  prettier:
    specifier: ^3.0.3
    version: 3.0.3
  turbo:
    specifier: ^1.10.15
    version: 1.10.15

packages:

  /cross-spawn@7.0.3:
    resolution: {integrity: sha512-iRDPJKUPVEND7dHPO8rkbOnPpyDygcDFtWjpeWNCgy8WP2rXcxXL8TskReQl6OrB2G7+UJrags1q15Fudc7G6w==}
    engines: {node: '>= 8'}
    dependencies:
      path-key: 3.1.1
      shebang-command: 2.0.0
      which: 2.0.2
    dev: true

  /dotenv-cli@7.3.0:
    resolution: {integrity: sha512-314CA4TyK34YEJ6ntBf80eUY+t1XaFLyem1k9P0sX1gn30qThZ5qZr/ZwE318gEnzyYP9yj9HJk6SqwE0upkfw==}
    hasBin: true
    dependencies:
      cross-spawn: 7.0.3
      dotenv: 16.3.1
      dotenv-expand: 10.0.0
      minimist: 1.2.8
    dev: true

  /dotenv-expand@10.0.0:
    resolution: {integrity: sha512-GopVGCpVS1UKH75VKHGuQFqS1Gusej0z4FyQkPdwjil2gNIv+LNsqBlboOzpJFZKVT95GkCyWJbBSdFEFUWI2A==}
    engines: {node: '>=12'}
    dev: true

  /dotenv@16.3.1:
    resolution: {integrity: sha512-IPzF4w4/Rd94bA9imS68tZBaYyBWSCE47V1RGuMrB94iyTOIEwRmVL2x/4An+6mETpLrKJ5hQkB8W4kFAadeIQ==}
    engines: {node: '>=12'}
    dev: true

  /husky@8.0.3:
    resolution: {integrity: sha512-+dQSyqPh4x1hlO1swXBiNb2HzTDN1I2IGLQx1GrBuiqFJfoMrnZWwVmatvSiO+Iz8fBUnf+lekwNo4c2LlXItg==}
    engines: {node: '>=14'}
    hasBin: true
    dev: true

  /isexe@2.0.0:
    resolution: {integrity: sha512-RHxMLp9lnKHGHRng9QFhRCMbYAcVpn69smSGcq3f36xjgVVWThj4qqLbTLlq7Ssj8B+fIQ1EuCEGI2lKsyQeIw==}
    dev: true

  /minimist@1.2.8:
    resolution: {integrity: sha512-2yyAR8qBkN3YuheJanUpWC5U3bb5osDywNB8RzDVlDwDHbocAJveqqj1u8+SVD7jkWT4yvsHCpWqqWqAxb0zCA==}
    dev: true

  /path-key@3.1.1:
    resolution: {integrity: sha512-ojmeN0qd+y0jszEtoY48r0Peq5dwMEkIlCOu6Q5f41lfkswXuKtYrhgoTpLnyIcHm24Uhqx+5Tqm2InSwLhE6Q==}
    engines: {node: '>=8'}
    dev: true

  /prettier@3.0.3:
    resolution: {integrity: sha512-L/4pUDMxcNa8R/EthV08Zt42WBO4h1rarVtK0K+QJG0X187OLo7l699jWw0GKuwzkPQ//jMFA/8Xm6Fh3J/DAg==}
    engines: {node: '>=14'}
    hasBin: true
    dev: true

  /shebang-command@2.0.0:
    resolution: {integrity: sha512-kHxr2zZpYtdmrN1qDjrrX/Z1rR1kG8Dx+gkpK1G4eXmvXswmcE1hTWBWYUzlraYw1/yZp6YuDY77YtvbN0dmDA==}
    engines: {node: '>=8'}
    dependencies:
      shebang-regex: 3.0.0
    dev: true

  /shebang-regex@3.0.0:
    resolution: {integrity: sha512-7++dFhtcx3353uBaq8DDR4NuxBetBzC7ZQOhmTQInHEd6bSrXdiEyzCvG07Z44UYdLShWUyXt5M/yhz8ekcb1A==}
    engines: {node: '>=8'}
    dev: true

  /turbo-darwin-64@1.10.15:
    resolution: {integrity: sha512-Sik5uogjkRTe1XVP9TC2GryEMOJCaKE2pM/O9uLn4koQDnWKGcLQv+mDU+H+9DXvKLnJnKCD18OVRkwK5tdpoA==}
    cpu: [x64]
    os: [darwin]
    requiresBuild: true
    dev: true
    optional: true

  /turbo-darwin-arm64@1.10.15:
    resolution: {integrity: sha512-xwqyFDYUcl2xwXyGPmHkmgnNm4Cy0oNzMpMOBGRr5x64SErS7QQLR4VHb0ubiR+VAb8M+ECPklU6vD1Gm+wekg==}
    cpu: [arm64]
    os: [darwin]
    requiresBuild: true
    dev: true
    optional: true

  /turbo-linux-64@1.10.15:
    resolution: {integrity: sha512-dM07SiO3RMAJ09Z+uB2LNUSkPp3I1IMF8goH5eLj+d8Kkwoxd/+qbUZOj9RvInyxU/IhlnO9w3PGd3Hp14m/nA==}
    cpu: [x64]
    os: [linux]
    requiresBuild: true
    dev: true
    optional: true

  /turbo-linux-arm64@1.10.15:
    resolution: {integrity: sha512-MkzKLkKYKyrz4lwfjNXH8aTny5+Hmiu4SFBZbx+5C0vOlyp6fV5jZANDBvLXWiDDL4DSEAuCEK/2cmN6FVH1ow==}
    cpu: [arm64]
    os: [linux]
    requiresBuild: true
    dev: true
    optional: true

  /turbo-windows-64@1.10.15:
    resolution: {integrity: sha512-3TdVU+WEH9ThvQGwV3ieX/XHebtYNHv9HARHauPwmVj3kakoALkpGxLclkHFBLdLKkqDvmHmXtcsfs6cXXRHJg==}
    cpu: [x64]
    os: [win32]
    requiresBuild: true
    dev: true
    optional: true

  /turbo-windows-arm64@1.10.15:
    resolution: {integrity: sha512-l+7UOBCbfadvPMYsX08hyLD+UIoAkg6ojfH+E8aud3gcA1padpjCJTh9gMpm3QdMbKwZteT5uUM+wyi6Rbbyww==}
    cpu: [arm64]
    os: [win32]
    requiresBuild: true
    dev: true
    optional: true

  /turbo@1.10.15:
    resolution: {integrity: sha512-mKKkqsuDAQy1wCCIjCdG+jOCwUflhckDMSRoeBPcIL/CnCl7c5yRDFe7SyaXloUUkt4tUR0rvNIhVCcT7YeQpg==}
    hasBin: true
    optionalDependencies:
      turbo-darwin-64: 1.10.15
      turbo-darwin-arm64: 1.10.15
      turbo-linux-64: 1.10.15
      turbo-linux-arm64: 1.10.15
      turbo-windows-64: 1.10.15
      turbo-windows-arm64: 1.10.15
    dev: true

  /which@2.0.2:
    resolution: {integrity: sha512-BLI3Tl1TW3Pvl70l3yq3Y64i+awpwXqsGBYWkkqMtnbXgrMD+yj7rhW0kuEDxzJaYXGjEW5ogapKNMEKNMjibA==}
    engines: {node: '>= 8'}
    hasBin: true
    dependencies:
      isexe: 2.0.0
    dev: true
